PODS:
  - Alamofire (4.7.0)
  - ApiAI (0.7.2):
    - ApiAI/AudioFileConverter (= 0.7.2)
    - ApiAI/Core (= 0.7.2)
    - ApiAI/Events (= 0.7.2)
    - ApiAI/ResponseMapping (= 0.7.2)
    - ApiAI/UIKit (= 0.7.2)
    - ApiAI/UserEntities (= 0.7.2)
    - ApiAI/VoiceFileRequest (= 0.7.2)
    - ApiAI/VoiceRequest (= 0.7.2)
  - ApiAI/AudioFileConverter (0.7.2):
    - ApiAI/Core
  - ApiAI/Core (0.7.2)
  - ApiAI/Events (0.7.2):
    - ApiAI/Core
  - ApiAI/ResponseMapping (0.7.2):
    - ApiAI/Core
  - ApiAI/UIKit (0.7.2):
    - ApiAI/Core
    - ApiAI/VoiceRequest
  - ApiAI/UserEntities (0.7.2):
    - ApiAI/Core
  - ApiAI/VoiceFileRequest (0.7.2):
    - ApiAI/Core
  - ApiAI/VoiceRequest (0.7.2):
    - ApiAI/Core
  - p2.OAuth2 (3.0.3)

DEPENDENCIES:
  - Alamofire (~> 4.7)
  - ApiAI
  - p2.OAuth2 (~> 3.0)

SPEC CHECKSUMS:
  Alamofire: 907e0a98eb68cdb7f9d1f541a563d6ac5dc77b25
  ApiAI: d4b49d3736f33ce6f3ef66dc33c0e0fccb23579e
  p2.OAuth2: 63d8d3e366ac2c43bfe8bfa13b42cfeb908c314e

PODFILE CHECKSUM: fc843d237ac01a02e9e552401e9f51190df23e85

COCOAPODS: 1.4.0
